
Microsoft Visual Studio Solution File, Format Version 12.00
# Visual Studio Version 16
VisualStudioVersion = 16.0.30907.101
MinimumVisualStudioVersion = 10.0.40219.1
Project("{FAE04EC0-301F-11D3-BF4B-00C04F79EFBC}") = "SteamServerCreationTool", "SteamServerCreationTool\SteamServerCreationTool.csproj", "{6F4DB60C-4B99-4F37-BFBF-BB2D62BB4C68}"
EndProject
Global
	GlobalSection(SolutionConfigurationPlatforms) = preSolution
		Debug|Any CPU = Debug|Any CPU
		Release|Any CPU = Release|Any CPU
	EndGlobalSection
	GlobalSection(ProjectConfigurationPlatforms) = postSolution
		{6F4DB60C-4B99-4F37-BFBF-BB2D62BB4C68}.Debug|Any CPU.ActiveCfg = Debug|Any CPU
		{6F4DB60C-4B99-4F37-BFBF-BB2D62BB4C68}.Debug|Any CPU.Build.0 = Debug|Any CPU
		{6F4DB60C-4B99-4F37-BFBF-BB2D62BB4C68}.Release|Any CPU.ActiveCfg = Release|Any CPU
		{6F4DB60C-4B99-4F37-BFBF-BB2D62BB4C68}.Release|Any CPU.Build.0 = Release|Any CPU
	EndGlobalSection
	GlobalSection(SolutionProperties) = preSolution
		HideSolutionNode = FALSE
	EndGlobalSection
	GlobalSection(ExtensibilityGlobals) = postSolution
		SolutionGuid = {82A05551-D274-4D8E-AC78-CF532634F12F}
	EndGlobalSection
EndGlobal
